
Microsoft Visual Studio Solution File, Format Version 12.00
# Visual Studio Version 17
VisualStudioVersion = 17.9.34728.123
MinimumVisualStudioVersion = 10.0.40219.1
Project("{9A19103F-16F7-4668-BE54-9A1E7A4F7556}") = "OnlineMobileAPP", "OnlineMobileAPP\OnlineMobileAPP.csproj", "{1B425DD5-DC0F-45A0-BE2D-37BAAECE93D5}"
EndProject
Project("{2150E333-8FDC-42A3-9474-1A3956D46DE8}") = "Solution Items", "Solution Items", "{FF642A08-43CE-4D0F-9E56-F678236CBB1A}"
EndProject
Global
	GlobalSection(SolutionConfigurationPlatforms) = preSolution
		Debug|Any CPU = Debug|Any CPU
		Release|Any CPU = Release|Any CPU
	EndGlobalSection
	GlobalSection(ProjectConfigurationPlatforms) = postSolution
		{1B425DD5-DC0F-45A0-BE2D-37BAAECE93D5}.Debug|Any CPU.ActiveCfg = Debug|Any CPU
		{1B425DD5-DC0F-45A0-BE2D-37BAAECE93D5}.Debug|Any CPU.Build.0 = Debug|Any CPU
		{1B425DD5-DC0F-45A0-BE2D-37BAAECE93D5}.Release|Any CPU.ActiveCfg = Release|Any CPU
		{1B425DD5-DC0F-45A0-BE2D-37BAAECE93D5}.Release|Any CPU.Build.0 = Release|Any CPU
	EndGlobalSection
	GlobalSection(SolutionProperties) = preSolution
		HideSolutionNode = FALSE
	EndGlobalSection
	GlobalSection(ExtensibilityGlobals) = postSolution
		SolutionGuid = {9AA7F550-8C13-4212-8739-0994E7E6DB87}
	EndGlobalSection
EndGlobal
